// !$*UTF8*$!
{
	archiveVersion = 1;
	classes = {
	};
	objectVersion = 55;
	objects = {

/* Begin PBXBuildFile section */
		F204D6EE27FB3C4A008B54C8 /* GBAppFlows in Frameworks */ = {isa = PBXBuildFile; productRef = F204D6ED27FB3C4A008B54C8 /* GBAppFlows */; };
		F298A02D27DCF15300946AFA /* Assets.xcassets in Resources */ = {isa = PBXBuildFile; fileRef = F298A02C27DCF15300946AFA /* Assets.xcassets */; };
		F298A03027DCF15300946AFA /* LaunchScreen.storyboard in Resources */ = {isa = PBXBuildFile; fileRef = F298A02E27DCF15300946AFA /* LaunchScreen.storyboard */; };
		F2FE8EA927E7AA670071718F /* GBVisualComponents in Frameworks */ = {isa = PBXBuildFile; productRef = F2FE8EA827E7AA670071718F /* GBVisualComponents */; };
		F2FE8EAD27E7B27C0071718F /* AppDelegate.swift in Sources */ = {isa = PBXBuildFile; fileRef = F298A02327DCF14F00946AFA /* AppDelegate.swift */; };
		F2FE8EAE27E7B27C0071718F /* SceneDelegate.swift in Sources */ = {isa = PBXBuildFile; fileRef = F298A02527DCF14F00946AFA /* SceneDelegate.swift */; };
		F2FE8EB227E7D31B0071718F /* GBDataFetcher in Frameworks */ = {isa = PBXBuildFile; productRef = F2FE8EB127E7D31B0071718F /* GBDataFetcher */; settings = {ATTRIBUTES = (Required, ); }; };
		F2FE8EB527E7D63F0071718F /* XCTest.framework in Frameworks */ = {isa = PBXBuildFile; fileRef = F2FE8EB427E7D63F0071718F /* XCTest.framework */; settings = {ATTRIBUTES = (Weak, ); }; };
/* End PBXBuildFile section */

/* Begin PBXFileReference section */
		F204D6EC27FA8E72008B54C8 /* GBFlows */ = {isa = PBXFileReference; lastKnownFileType = wrapper; name = GBFlows; path = ProjectPackages/GBFlows; sourceTree = "<group>"; };
		F298A02027DCF14F00946AFA /* GithuBrowser.app */ = {isa = PBXFileReference; explicitFileType = wrapper.application; includeInIndex = 0; path = GithuBrowser.app; sourceTree = BUILT_PRODUCTS_DIR; };
		F298A02327DCF14F00946AFA /* AppDelegate.swift */ = {isa = PBXFileReference; lastKnownFileType = sourcecode.swift; path = AppDelegate.swift; sourceTree = "<group>"; };
		F298A02527DCF14F00946AFA /* SceneDelegate.swift */ = {isa = PBXFileReference; lastKnownFileType = sourcecode.swift; path = SceneDelegate.swift; sourceTree = "<group>"; };
		F298A02C27DCF15300946AFA /* Assets.xcassets */ = {isa = PBXFileReference; lastKnownFileType = folder.assetcatalog; path = Assets.xcassets; sourceTree = "<group>"; };
		F298A02F27DCF15300946AFA /* Base */ = {isa = PBXFileReference; lastKnownFileType = file.storyboard; name = Base; path = Base.lproj/LaunchScreen.storyboard; sourceTree = "<group>"; };
		F298A03127DCF15300946AFA /* Info.plist */ = {isa = PBXFileReference; lastKnownFileType = text.plist.xml; path = Info.plist; sourceTree = "<group>"; };
		F2FE8EA527E7AA560071718F /* GBVisualComponents */ = {isa = PBXFileReference; lastKnownFileType = wrapper; name = GBVisualComponents; path = ProjectPackages/GBVisualComponents; sourceTree = "<group>"; };
		F2FE8EB027E7D1FF0071718F /* GBDataFetcher */ = {isa = PBXFileReference; lastKnownFileType = wrapper; name = GBDataFetcher; path = ProjectPackages/GBDataFetcher; sourceTree = "<group>"; };
		F2FE8EB427E7D63F0071718F /* XCTest.framework */ = {isa = PBXFileReference; lastKnownFileType = wrapper.framework; name = XCTest.framework; path = Platforms/iPhoneOS.platform/Developer/Library/Frameworks/XCTest.framework; sourceTree = DEVELOPER_DIR; };
/* End PBXFileReference section */

/* Begin PBXFrameworksBuildPhase section */
		F298A01D27DCF14F00946AFA /* Frameworks */ = {
			isa = PBXFrameworksBuildPhase;
			buildActionMask = 2147483647;
			files = (
				F2FE8EB527E7D63F0071718F /* XCTest.framework in Frameworks */,
				F2FE8EA927E7AA670071718F /* GBVisualComponents in Frameworks */,
				F2FE8EB227E7D31B0071718F /* GBDataFetcher in Frameworks */,
				F204D6EE27FB3C4A008B54C8 /* GBAppFlows in Frameworks */,
			);
			runOnlyForDeploymentPostprocessing = 0;
		};
/* End PBXFrameworksBuildPhase section */

/* Begin PBXGroup section */
		F298A01727DCF14F00946AFA = {
			isa = PBXGroup;
			children = (
				F2FE8EA327E7AA3B0071718F /* Packages */,
				F298A02227DCF14F00946AFA /* GithuBrowser */,
				F298A02127DCF14F00946AFA /* Products */,
				F298A03A27DCFC0000946AFA /* Frameworks */,
			);
			sourceTree = "<group>";
		};
		F298A02127DCF14F00946AFA /* Products */ = {
			isa = PBXGroup;
			children = (
				F298A02027DCF14F00946AFA /* GithuBrowser.app */,
			);
			name = Products;
			sourceTree = "<group>";
		};
		F298A02227DCF14F00946AFA /* GithuBrowser */ = {
			isa = PBXGroup;
			children = (
				F298A02327DCF14F00946AFA /* AppDelegate.swift */,
				F298A02527DCF14F00946AFA /* SceneDelegate.swift */,
				F298A02C27DCF15300946AFA /* Assets.xcassets */,
				F298A02E27DCF15300946AFA /* LaunchScreen.storyboard */,
				F298A03127DCF15300946AFA /* Info.plist */,
			);
			path = GithuBrowser;
			sourceTree = "<group>";
		};
		F298A03A27DCFC0000946AFA /* Frameworks */ = {
			isa = PBXGroup;
			children = (
				F2FE8EB427E7D63F0071718F /* XCTest.framework */,
			);
			name = Frameworks;
			sourceTree = "<group>";
		};
		F2FE8EA327E7AA3B0071718F /* Packages */ = {
			isa = PBXGroup;
			children = (
				F2FE8EA527E7AA560071718F /* GBVisualComponents */,
				F2FE8EB027E7D1FF0071718F /* GBDataFetcher */,
				F204D6EC27FA8E72008B54C8 /* GBFlows */,
			);
			name = Packages;
			sourceTree = "<group>";
		};
/* End PBXGroup section */

/* Begin PBXNativeTarget section */
		F298A01F27DCF14F00946AFA /* GithuBrowser */ = {
			isa = PBXNativeTarget;
			buildConfigurationList = F298A03427DCF15300946AFA /* Build configuration list for PBXNativeTarget "GithuBrowser" */;
			buildPhases = (
				F298A01C27DCF14F00946AFA /* Sources */,
				F298A01D27DCF14F00946AFA /* Frameworks */,
				F298A01E27DCF14F00946AFA /* Resources */,
			);
			buildRules = (
			);
			dependencies = (
			);
			name = GithuBrowser;
			packageProductDependencies = (
				F2FE8EA827E7AA670071718F /* GBVisualComponents */,
				F2FE8EB127E7D31B0071718F /* GBDataFetcher */,
				F204D6ED27FB3C4A008B54C8 /* GBAppFlows */,
			);
			productName = GithuBrowser;
			productReference = F298A02027DCF14F00946AFA /* GithuBrowser.app */;
			productType = "com.apple.product-type.application";
		};
/* End PBXNativeTarget section */

/* Begin PBXProject section */
		F298A01827DCF14F00946AFA /* Project object */ = {
			isa = PBXProject;
			attributes = {
				BuildIndependentTargetsInParallel = 1;
				LastSwiftUpdateCheck = 1320;
				LastUpgradeCheck = 1320;
				TargetAttributes = {
					F298A01F27DCF14F00946AFA = {
						CreatedOnToolsVersion = 13.2.1;
					};
				};
			};
			buildConfigurationList = F298A01B27DCF14F00946AFA /* Build configuration list for PBXProject "GithuBrowser" */;
			compatibilityVersion = "Xcode 13.0";
			developmentRegion = en;
			hasScannedForEncodings = 0;
			knownRegions = (
				en,
				Base,
			);
			mainGroup = F298A01727DCF14F00946AFA;
			productRefGroup = F298A02127DCF14F00946AFA /* Products */;
			projectDirPath = "";
			projectRoot = "";
			targets = (
				F298A01F27DCF14F00946AFA /* GithuBrowser */,
			);
		};
/* End PBXProject section */

/* Begin PBXResourcesBuildPhase section */
		F298A01E27DCF14F00946AFA /* Resources */ = {
			isa = PBXResourcesBuildPhase;
			buildActionMask = 2147483647;
			files = (
				F298A03027DCF15300946AFA /* LaunchScreen.storyboard in Resources */,
				F298A02D27DCF15300946AFA /* Assets.xcassets in Resources */,
			);
			runOnlyForDeploymentPostprocessing = 0;
		};
/* End PBXResourcesBuildPhase section */

/* Begin PBXSourcesBuildPhase section */
		F298A01C27DCF14F00946AFA /* Sources */ = {
			isa = PBXSourcesBuildPhase;
			buildActionMask = 2147483647;
			files = (
				F2FE8EAD27E7B27C0071718F /* AppDelegate.swift in Sources */,
				F2FE8EAE27E7B27C0071718F /* SceneDelegate.swift in Sources */,
			);
			runOnlyForDeploymentPostprocessing = 0;
		};
/* End PBXSourcesBuildPhase section */

/* Begin PBXVariantGroup section */
		F298A02E27DCF15300946AFA /* LaunchScreen.storyboard */ = {
			isa = PBXVariantGroup;
			children = (
				F298A02F27DCF15300946AFA /* Base */,
			);
			name = LaunchScreen.storyboard;
			sourceTree = "<group>";
		};
/* End PBXVariantGroup section */

/* Begin XCBuildConfiguration section */
		F298A03227DCF15300946AFA /* Debug */ = {
			isa = XCBuildConfiguration;
			buildSettings = {
				ALWAYS_SEARCH_USER_PATHS = NO;
				CLANG_ANALYZER_NONNULL = YES;
				CLANG_ANALYZER_NUMBER_OBJECT_CONVERSION = YES_AGGRESSIVE;
				CLANG_CXX_LANGUAGE_STANDARD = "gnu++17";
				CLANG_CXX_LIBRARY = "libc++";
				CLANG_ENABLE_MODULES = YES;
				CLANG_ENABLE_OBJC_ARC = YES;
				CLANG_ENABLE_OBJC_WEAK = YES;
				CLANG_WARN_BLOCK_CAPTURE_AUTORELEASING = YES;
				CLANG_WARN_BOOL_CONVERSION = YES;
				CLANG_WARN_COMMA = YES;
				CLANG_WARN_CONSTANT_CONVERSION = YES;
				CLANG_WARN_DEPRECATED_OBJC_IMPLEMENTATIONS = YES;
				CLANG_WARN_DIRECT_OBJC_ISA_USAGE = YES_ERROR;
				CLANG_WARN_DOCUMENTATION_COMMENTS = YES;
				CLANG_WARN_EMPTY_BODY = YES;
				CLANG_WARN_ENUM_CONVERSION = YES;
				CLANG_WARN_INFINITE_RECURSION = YES;
				CLANG_WARN_INT_CONVERSION = YES;
				CLANG_WARN_NON_LITERAL_NULL_CONVERSION = YES;
				CLANG_WARN_OBJC_IMPLICIT_RETAIN_SELF = YES;
				CLANG_WARN_OBJC_LITERAL_CONVERSION = YES;
				CLANG_WARN_OBJC_ROOT_CLASS = YES_ERROR;
				CLANG_WARN_QUOTED_INCLUDE_IN_FRAMEWORK_HEADER = YES;
				CLANG_WARN_RANGE_LOOP_ANALYSIS = YES;
				CLANG_WARN_STRICT_PROTOTYPES = YES;
				CLANG_WARN_SUSPICIOUS_MOVE = YES;
				CLANG_WARN_UNGUARDED_AVAILABILITY = YES_AGGRESSIVE;
				CLANG_WARN_UNREACHABLE_CODE = YES;
				CLANG_WARN__DUPLICATE_METHOD_MATCH = YES;
				COPY_PHASE_STRIP = NO;
				DEBUG_INFORMATION_FORMAT = dwarf;
				ENABLE_STRICT_OBJC_MSGSEND = YES;
				ENABLE_TESTABILITY = YES;
				GCC_C_LANGUAGE_STANDARD = gnu11;
				GCC_DYNAMIC_NO_PIC = NO;
				GCC_NO_COMMON_BLOCKS = YES;
				GCC_OPTIMIZATION_LEVEL = 0;
				GCC_PREPROCESSOR_DEFINITIONS = (
					"DEBUG=1",
					"$(inherited)",
				);
				GCC_WARN_64_TO_32_BIT_CONVERSION = YES;
				GCC_WARN_ABOUT_RETURN_TYPE = YES_ERROR;
				GCC_WARN_UNDECLARED_SELECTOR = YES;
				GCC_WARN_UNINITIALIZED_AUTOS = YES_AGGRESSIVE;
				GCC_WARN_UNUSED_FUNCTION = YES;
				GCC_WARN_UNUSED_VARIABLE = YES;
				IPHONEOS_DEPLOYMENT_TARGET = 15.2;
				MTL_ENABLE_DEBUG_INFO = INCLUDE_SOURCE;
				MTL_FAST_MATH = YES;
				ONLY_ACTIVE_ARCH = YES;
				SDKROOT = iphoneos;
				SWIFT_ACTIVE_COMPILATION_CONDITIONS = DEBUG;
				SWIFT_OPTIMIZATION_LEVEL = "-Onone";
			};
			name = Debug;
		};
		F298A03327DCF15300946AFA /* Release */ = {
			isa = XCBuildConfiguration;
			buildSettings = {
				ALWAYS_SEARCH_USER_PATHS = NO;
				CLANG_ANALYZER_NONNULL = YES;
				CLANG_ANALYZER_NUMBER_OBJECT_CONVERSION = YES_AGGRESSIVE;
				CLANG_CXX_LANGUAGE_STANDARD = "gnu++17";
				CLANG_CXX_LIBRARY = "libc++";
				CLANG_ENABLE_MODULES = YES;
				CLANG_ENABLE_OBJC_ARC = YES;
				CLANG_ENABLE_OBJC_WEAK = YES;
				CLANG_WARN_BLOCK_CAPTURE_AUTORELEASING = YES;
				CLANG_WARN_BOOL_CONVERSION = YES;
				CLANG_WARN_COMMA = YES;
				CLANG_WARN_CONSTANT_CONVERSION = YES;
				CLANG_WARN_DEPRECATED_OBJC_IMPLEMENTATIONS = YES;
				CLANG_WARN_DIRECT_OBJC_ISA_USAGE = YES_ERROR;
				CLANG_WARN_DOCUMENTATION_COMMENTS = YES;
				CLANG_WARN_EMPTY_BODY = YES;
				CLANG_WARN_ENUM_CONVERSION = YES;
				CLANG_WARN_INFINITE_RECURSION = YES;
				CLANG_WARN_INT_CONVERSION = YES;
				CLANG_WARN_NON_LITERAL_NULL_CONVERSION = YES;
				CLANG_WARN_OBJC_IMPLICIT_RETAIN_SELF = YES;
				CLANG_WARN_OBJC_LITERAL_CONVERSION = YES;
				CLANG_WARN_OBJC_ROOT_CLASS = YES_ERROR;
				CLANG_WARN_QUOTED_INCLUDE_IN_FRAMEWORK_HEADER = YES;
				CLANG_WARN_RANGE_LOOP_ANALYSIS = YES;
				CLANG_WARN_STRICT_PROTOTYPES = YES;
				CLANG_WARN_SUSPICIOUS_MOVE = YES;
				CLANG_WARN_UNGUARDED_AVAILABILITY = YES_AGGRESSIVE;
				CLANG_WARN_UNREACHABLE_CODE = YES;
				CLANG_WARN__DUPLICATE_METHOD_MATCH = YES;
				COPY_PHASE_STRIP = NO;
				DEBUG_INFORMATION_FORMAT = "dwarf-with-dsym";
				ENABLE_NS_ASSERTIONS = NO;
				ENABLE_STRICT_OBJC_MSGSEND = YES;
				GCC_C_LANGUAGE_STANDARD = gnu11;
				GCC_NO_COMMON_BLOCKS = YES;
				GCC_WARN_64_TO_32_BIT_CONVERSION = YES;
				GCC_WARN_ABOUT_RETURN_TYPE = YES_ERROR;
				GCC_WARN_UNDECLARED_SELECTOR = YES;
				GCC_WARN_UNINITIALIZED_AUTOS = YES_AGGRESSIVE;
				GCC_WARN_UNUSED_FUNCTION = YES;
				GCC_WARN_UNUSED_VARIABLE = YES;
				IPHONEOS_DEPLOYMENT_TARGET = 15.2;
				MTL_ENABLE_DEBUG_INFO = NO;
				MTL_FAST_MATH = YES;
				SDKROOT = iphoneos;
				SWIFT_COMPILATION_MODE = wholemodule;
				SWIFT_OPTIMIZATION_LEVEL = "-O";
				VALIDATE_PRODUCT = YES;
			};
			name = Release;
		};
		F298A03527DCF15300946AFA /* Debug */ = {
			isa = XCBuildConfiguration;
			buildSettings = {
				ASSETCATALOG_COMPILER_APPICON_NAME = AppIcon;
				ASSETCATALOG_COMPILER_GLOBAL_ACCENT_COLOR_NAME = AccentColor;
				CODE_SIGN_STYLE = Automatic;
				CURRENT_PROJECT_VERSION = 1;
				DEVELOPMENT_TEAM = RAZG7U3SR6;
				GENERATE_INFOPLIST_FILE = YES;
				INFOPLIST_FILE = GithuBrowser/Info.plist;
				INFOPLIST_KEY_UIApplicationSupportsIndirectInputEvents = YES;
				INFOPLIST_KEY_UILaunchStoryboardName = LaunchScreen;
				INFOPLIST_KEY_UISupportedInterfaceOrientations = UIInterfaceOrientationPortrait;
				INFOPLIST_KEY_UISupportedInterfaceOrientations_iPad = "UIInterfaceOrientationPortrait UIInterfaceOrientationPortraitUpsideDown UIInterfaceOrientationLandscapeLeft UIInterfaceOrientationLandscapeRight";
				INFOPLIST_KEY_UISupportedInterfaceOrientations_iPhone = "UIInterfaceOrientationPortrait UIInterfaceOrientationLandscapeLeft UIInterfaceOrientationLandscapeRight";
				LD_RUNPATH_SEARCH_PATHS = (
					"$(inherited)",
					"@executable_path/Frameworks",
				);
				MARKETING_VERSION = 1.0;
				PRODUCT_BUNDLE_IDENTIFIER = com.galdineris.GithuBrowser;
				PRODUCT_NAME = "$(TARGET_NAME)";
				SWIFT_EMIT_LOC_STRINGS = YES;
				SWIFT_VERSION = 5.0;
				TARGETED_DEVICE_FAMILY = 1;
			};
			name = Debug;
		};
		F298A03627DCF15300946AFA /* Release */ = {
			isa = XCBuildConfiguration;
			buildSettings = {
				ASSETCATALOG_COMPILER_APPICON_NAME = AppIcon;
				ASSETCATALOG_COMPILER_GLOBAL_ACCENT_COLOR_NAME = AccentColor;
				CODE_SIGN_STYLE = Automatic;
				CURRENT_PROJECT_VERSION = 1;
				DEVELOPMENT_TEAM = RAZG7U3SR6;
				GENERATE_INFOPLIST_FILE = YES;
				INFOPLIST_FILE = GithuBrowser/Info.plist;
				INFOPLIST_KEY_UIApplicationSupportsIndirectInputEvents = YES;
				INFOPLIST_KEY_UILaunchStoryboardName = LaunchScreen;
				INFOPLIST_KEY_UISupportedInterfaceOrientations = UIInterfaceOrientationPortrait;
				INFOPLIST_KEY_UISupportedInterfaceOrientations_iPad = "UIInterfaceOrientationPortrait UIInterfaceOrientationPortraitUpsideDown UIInterfaceOrientationLandscapeLeft UIInterfaceOrientationLandscapeRight";
				INFOPLIST_KEY_UISupportedInterfaceOrientations_iPhone = "UIInterfaceOrientationPortrait UIInterfaceOrientationLandscapeLeft UIInterfaceOrientationLandscapeRight";
				LD_RUNPATH_SEARCH_PATHS = (
					"$(inherited)",
					"@executable_path/Frameworks",
				);
				MARKETING_VERSION = 1.0;
				PRODUCT_BUNDLE_IDENTIFIER = com.galdineris.GithuBrowser;
				PRODUCT_NAME = "$(TARGET_NAME)";
				SWIFT_EMIT_LOC_STRINGS = YES;
				SWIFT_VERSION = 5.0;
				TARGETED_DEVICE_FAMILY = 1;
			};
			name = Release;
		};
/* End XCBuildConfiguration section */

/* Begin XCConfigurationList section */
		F298A01B27DCF14F00946AFA /* Build configuration list for PBXProject "GithuBrowser" */ = {
			isa = XCConfigurationList;
			buildConfigurations = (
				F298A03227DCF15300946AFA /* Debug */,
				F298A03327DCF15300946AFA /* Release */,
			);
			defaultConfigurationIsVisible = 0;
			defaultConfigurationName = Release;
		};
		F298A03427DCF15300946AFA /* Build configuration list for PBXNativeTarget "GithuBrowser" */ = {
			isa = XCConfigurationList;
			buildConfigurations = (
				F298A03527DCF15300946AFA /* Debug */,
				F298A03627DCF15300946AFA /* Release */,
			);
			defaultConfigurationIsVisible = 0;
			defaultConfigurationName = Release;
		};
/* End XCConfigurationList section */

/* Begin XCSwiftPackageProductDependency section */
		F204D6ED27FB3C4A008B54C8 /* GBAppFlows */ = {
			isa = XCSwiftPackageProductDependency;
			productName = GBAppFlows;
		};
		F2FE8EA827E7AA670071718F /* GBVisualComponents */ = {
			isa = XCSwiftPackageProductDependency;
			productName = GBVisualComponents;
		};
		F2FE8EB127E7D31B0071718F /* GBDataFetcher */ = {
			isa = XCSwiftPackageProductDependency;
			productName = GBDataFetcher;
		};
/* End XCSwiftPackageProductDependency section */
	};
	rootObject = F298A01827DCF14F00946AFA /* Project object */;
}
